{
  "name": "frontend",
  "lockfileVersion": 3,
  "requires": true,
  "packages": {
    "": {
      "dependencies": {
        "todotracker-frontend": "file:.."
      }
    },
    "..": {
      "name": "todotracker-frontend",
      "version": "1.0.0",
      "dependencies": {
        "next": "^13.5.11",
        "react": "18.2.0",
        "react-dom": "18.2.0",
        "todotracker": "file:.."
      }
    },
    "node_modules/todotracker-frontend": {
      "resolved": "..",
      "link": true
    }
  }
}
